// !$*UTF8*$!
{
	archiveVersion = 1;
	classes = {
	};
	objectVersion = 56;
	objects = {

/* Begin PBXBuildFile section */
		6EB54CC22C8EE4B100F12A4F /* tradenApp.swift in Sources */ = {isa = PBXBuildFile; fileRef = 6EB54CC12C8EE4B100F12A4F /* tradenApp.swift */; };
		6EB54CC42C8EE4B100F12A4F /* ContentView.swift in Sources */ = {isa = PBXBuildFile; fileRef = 6EB54CC32C8EE4B100F12A4F /* ContentView.swift */; };
		6EB54CC62C8EE4B300F12A4F /* Assets.xcassets in Resources */ = {isa = PBXBuildFile; fileRef = 6EB54CC52C8EE4B300F12A4F /* Assets.xcassets */; };
		6EB54CC92C8EE4B300F12A4F /* Preview Assets.xcassets in Resources */ = {isa = PBXBuildFile; fileRef = 6EB54CC82C8EE4B300F12A4F /* Preview Assets.xcassets */; };
		6EB54CD32C8EE4B300F12A4F /* tradenTests.swift in Sources */ = {isa = PBXBuildFile; fileRef = 6EB54CD22C8EE4B300F12A4F /* tradenTests.swift */; };
		6EB54CDD2C8EE4B300F12A4F /* tradenUITests.swift in Sources */ = {isa = PBXBuildFile; fileRef = 6EB54CDC2C8EE4B300F12A4F /* tradenUITests.swift */; };
		6EB54CDF2C8EE4B300F12A4F /* tradenUITestsLaunchTests.swift in Sources */ = {isa = PBXBuildFile; fileRef = 6EB54CDE2C8EE4B300F12A4F /* tradenUITestsLaunchTests.swift */; };
/* End PBXBuildFile section */

/* Begin PBXContainerItemProxy section */
		6EB54CCF2C8EE4B300F12A4F /* PBXContainerItemProxy */ = {
			isa = PBXContainerItemProxy;
			containerPortal = 6EB54CB62C8EE4B100F12A4F /* Project object */;
			proxyType = 1;
			remoteGlobalIDString = 6EB54CBD2C8EE4B100F12A4F;
			remoteInfo = traden;
		};
		6EB54CD92C8EE4B300F12A4F /* PBXContainerItemProxy */ = {
			isa = PBXContainerItemProxy;
			containerPortal = 6EB54CB62C8EE4B100F12A4F /* Project object */;
			proxyType = 1;
			remoteGlobalIDString = 6EB54CBD2C8EE4B100F12A4F;
			remoteInfo = traden;
		};
/* End PBXContainerItemProxy section */

/* Begin PBXFileReference section */
		6EB54CBE2C8EE4B100F12A4F /* traden.app */ = {isa = PBXFileReference; explicitFileType = wrapper.application; includeInIndex = 0; path = traden.app; sourceTree = BUILT_PRODUCTS_DIR; };
		6EB54CC12C8EE4B100F12A4F /* tradenApp.swift */ = {isa = PBXFileReference; lastKnownFileType = sourcecode.swift; path = tradenApp.swift; sourceTree = "<group>"; };
		6EB54CC32C8EE4B100F12A4F /* ContentView.swift */ = {isa = PBXFileReference; lastKnownFileType = sourcecode.swift; path = ContentView.swift; sourceTree = "<group>"; };
		6EB54CC52C8EE4B300F12A4F /* Assets.xcassets */ = {isa = PBXFileReference; lastKnownFileType = folder.assetcatalog; path = Assets.xcassets; sourceTree = "<group>"; };
		6EB54CC82C8EE4B300F12A4F /* Preview Assets.xcassets */ = {isa = PBXFileReference; lastKnownFileType = folder.assetcatalog; path = "Preview Assets.xcassets"; sourceTree = "<group>"; };
		6EB54CCE2C8EE4B300F12A4F /* tradenTests.xctest */ = {isa = PBXFileReference; explicitFileType = wrapper.cfbundle; includeInIndex = 0; path = tradenTests.xctest; sourceTree = BUILT_PRODUCTS_DIR; };
		6EB54CD22C8EE4B300F12A4F /* tradenTests.swift */ = {isa = PBXFileReference; lastKnownFileType = sourcecode.swift; path = tradenTests.swift; sourceTree = "<group>"; };
		6EB54CD82C8EE4B300F12A4F /* tradenUITests.xctest */ = {isa = PBXFileReference; explicitFileType = wrapper.cfbundle; includeInIndex = 0; path = tradenUITests.xctest; sourceTree = BUILT_PRODUCTS_DIR; };
		6EB54CDC2C8EE4B300F12A4F /* tradenUITests.swift */ = {isa = PBXFileReference; lastKnownFileType = sourcecode.swift; path = tradenUITests.swift; sourceTree = "<group>"; };
		6EB54CDE2C8EE4B300F12A4F /* tradenUITestsLaunchTests.swift */ = {isa = PBXFileReference; lastKnownFileType = sourcecode.swift; path = tradenUITestsLaunchTests.swift; sourceTree = "<group>"; };
/* End PBXFileReference section */

/* Begin PBXFrameworksBuildPhase section */
		6EB54CBB2C8EE4B100F12A4F /* Frameworks */ = {
			isa = PBXFrameworksBuildPhase;
			buildActionMask = 2147483647;
			files = (
			);
			runOnlyForDeploymentPostprocessing = 0;
		};
		6EB54CCB2C8EE4B300F12A4F /* Frameworks */ = {
			isa = PBXFrameworksBuildPhase;
			buildActionMask = 2147483647;
			files = (
			);
			runOnlyForDeploymentPostprocessing = 0;
		};
		6EB54CD52C8EE4B300F12A4F /* Frameworks */ = {
			isa = PBXFrameworksBuildPhase;
			buildActionMask = 2147483647;
			files = (
			);
			runOnlyForDeploymentPostprocessing = 0;
		};
/* End PBXFrameworksBuildPhase section */

/* Begin PBXGroup section */
		6EB54CB52C8EE4B100F12A4F = {
			isa = PBXGroup;
			children = (
				6EB54CC02C8EE4B100F12A4F /* traden */,
				6EB54CD12C8EE4B300F12A4F /* tradenTests */,
				6EB54CDB2C8EE4B300F12A4F /* tradenUITests */,
				6EB54CBF2C8EE4B100F12A4F /* Products */,
			);
			sourceTree = "<group>";
		};
		6EB54CBF2C8EE4B100F12A4F /* Products */ = {
			isa = PBXGroup;
			children = (
				6EB54CBE2C8EE4B100F12A4F /* traden.app */,
				6EB54CCE2C8EE4B300F12A4F /* tradenTests.xctest */,
				6EB54CD82C8EE4B300F12A4F /* tradenUITests.xctest */,
			);
			name = Products;
			sourceTree = "<group>";
		};
		6EB54CC02C8EE4B100F12A4F /* traden */ = {
			isa = PBXGroup;
			children = (
				6EB54CC12C8EE4B100F12A4F /* tradenApp.swift */,
				6EB54CC32C8EE4B100F12A4F /* ContentView.swift */,
				6EB54CC52C8EE4B300F12A4F /* Assets.xcassets */,
				6EB54CC72C8EE4B300F12A4F /* Preview Content */,
			);
			path = traden;
			sourceTree = "<group>";
		};
		6EB54CC72C8EE4B300F12A4F /* Preview Content */ = {
			isa = PBXGroup;
			children = (
				6EB54CC82C8EE4B300F12A4F /* Preview Assets.xcassets */,
			);
			path = "Preview Content";
			sourceTree = "<group>";
		};
		6EB54CD12C8EE4B300F12A4F /* tradenTests */ = {
			isa = PBXGroup;
			children = (
				6EB54CD22C8EE4B300F12A4F /* tradenTests.swift */,
			);
			path = tradenTests;
			sourceTree = "<group>";
		};
		6EB54CDB2C8EE4B300F12A4F /* tradenUITests */ = {
			isa = PBXGroup;
			children = (
				6EB54CDC2C8EE4B300F12A4F /* tradenUITests.swift */,
				6EB54CDE2C8EE4B300F12A4F /* tradenUITestsLaunchTests.swift */,
			);
			path = tradenUITests;
			sourceTree = "<group>";
		};
/* End PBXGroup section */

/* Begin PBXNativeTarget section */
		6EB54CBD2C8EE4B100F12A4F /* traden */ = {
			isa = PBXNativeTarget;
			buildConfigurationList = 6EB54CE22C8EE4B300F12A4F /* Build configuration list for PBXNativeTarget "traden" */;
			buildPhases = (
				6EB54CBA2C8EE4B100F12A4F /* Sources */,
				6EB54CBB2C8EE4B100F12A4F /* Frameworks */,
				6EB54CBC2C8EE4B100F12A4F /* Resources */,
			);
			buildRules = (
			);
			dependencies = (
			);
			name = traden;
			productName = traden;
			productReference = 6EB54CBE2C8EE4B100F12A4F /* traden.app */;
			productType = "com.apple.product-type.application";
		};
		6EB54CCD2C8EE4B300F12A4F /* tradenTests */ = {
			isa = PBXNativeTarget;
			buildConfigurationList = 6EB54CE52C8EE4B300F12A4F /* Build configuration list for PBXNativeTarget "tradenTests" */;
			buildPhases = (
				6EB54CCA2C8EE4B300F12A4F /* Sources */,
				6EB54CCB2C8EE4B300F12A4F /* Frameworks */,
				6EB54CCC2C8EE4B300F12A4F /* Resources */,
			);
			buildRules = (
			);
			dependencies = (
				6EB54CD02C8EE4B300F12A4F /* PBXTargetDependency */,
			);
			name = tradenTests;
			productName = tradenTests;
			productReference = 6EB54CCE2C8EE4B300F12A4F /* tradenTests.xctest */;
			productType = "com.apple.product-type.bundle.unit-test";
		};
		6EB54CD72C8EE4B300F12A4F /* tradenUITests */ = {
			isa = PBXNativeTarget;
			buildConfigurationList = 6EB54CE82C8EE4B300F12A4F /* Build configuration list for PBXNativeTarget "tradenUITests" */;
			buildPhases = (
				6EB54CD42C8EE4B300F12A4F /* Sources */,
				6EB54CD52C8EE4B300F12A4F /* Frameworks */,
				6EB54CD62C8EE4B300F12A4F /* Resources */,
			);
			buildRules = (
			);
			dependencies = (
				6EB54CDA2C8EE4B300F12A4F /* PBXTargetDependency */,
			);
			name = tradenUITests;
			productName = tradenUITests;
			productReference = 6EB54CD82C8EE4B300F12A4F /* tradenUITests.xctest */;
			productType = "com.apple.product-type.bundle.ui-testing";
		};
/* End PBXNativeTarget section */

/* Begin PBXProject section */
		6EB54CB62C8EE4B100F12A4F /* Project object */ = {
			isa = PBXProject;
			attributes = {
				BuildIndependentTargetsInParallel = 1;
				LastSwiftUpdateCheck = 1540;
				LastUpgradeCheck = 1540;
				TargetAttributes = {
					6EB54CBD2C8EE4B100F12A4F = {
						CreatedOnToolsVersion = 15.4;
					};
					6EB54CCD2C8EE4B300F12A4F = {
						CreatedOnToolsVersion = 15.4;
						TestTargetID = 6EB54CBD2C8EE4B100F12A4F;
					};
					6EB54CD72C8EE4B300F12A4F = {
						CreatedOnToolsVersion = 15.4;
						TestTargetID = 6EB54CBD2C8EE4B100F12A4F;
					};
				};
			};
			buildConfigurationList = 6EB54CB92C8EE4B100F12A4F /* Build configuration list for PBXProject "traden" */;
			compatibilityVersion = "Xcode 14.0";
			developmentRegion = en;
			hasScannedForEncodings = 0;
			knownRegions = (
				en,
				Base,
			);
			mainGroup = 6EB54CB52C8EE4B100F12A4F;
			productRefGroup = 6EB54CBF2C8EE4B100F12A4F /* Products */;
			projectDirPath = "";
			projectRoot = "";
			targets = (
				6EB54CBD2C8EE4B100F12A4F /* traden */,
				6EB54CCD2C8EE4B300F12A4F /* tradenTests */,
				6EB54CD72C8EE4B300F12A4F /* tradenUITests */,
			);
		};
/* End PBXProject section */

/* Begin PBXResourcesBuildPhase section */
		6EB54CBC2C8EE4B100F12A4F /* Resources */ = {
			isa = PBXResourcesBuildPhase;
			buildActionMask = 2147483647;
			files = (
				6EB54CC92C8EE4B300F12A4F /* Preview Assets.xcassets in Resources */,
				6EB54CC62C8EE4B300F12A4F /* Assets.xcassets in Resources */,
			);
			runOnlyForDeploymentPostprocessing = 0;
		};
		6EB54CCC2C8EE4B300F12A4F /* Resources */ = {
			isa = PBXResourcesBuildPhase;
			buildActionMask = 2147483647;
			files = (
			);
			runOnlyForDeploymentPostprocessing = 0;
		};
		6EB54CD62C8EE4B300F12A4F /* Resources */ = {
			isa = PBXResourcesBuildPhase;
			buildActionMask = 2147483647;
			files = (
			);
			runOnlyForDeploymentPostprocessing = 0;
		};
/* End PBXResourcesBuildPhase section */

/* Begin PBXSourcesBuildPhase section */
		6EB54CBA2C8EE4B100F12A4F /* Sources */ = {
			isa = PBXSourcesBuildPhase;
			buildActionMask = 2147483647;
			files = (
				6EB54CC42C8EE4B100F12A4F /* ContentView.swift in Sources */,
				6EB54CC22C8EE4B100F12A4F /* tradenApp.swift in Sources */,
			);
			runOnlyForDeploymentPostprocessing = 0;
		};
		6EB54CCA2C8EE4B300F12A4F /* Sources */ = {
			isa = PBXSourcesBuildPhase;
			buildActionMask = 2147483647;
			files = (
				6EB54CD32C8EE4B300F12A4F /* tradenTests.swift in Sources */,
			);
			runOnlyForDeploymentPostprocessing = 0;
		};
		6EB54CD42C8EE4B300F12A4F /* Sources */ = {
			isa = PBXSourcesBuildPhase;
			buildActionMask = 2147483647;
			files = (
				6EB54CDF2C8EE4B300F12A4F /* tradenUITestsLaunchTests.swift in Sources */,
				6EB54CDD2C8EE4B300F12A4F /* tradenUITests.swift in Sources */,
			);
			runOnlyForDeploymentPostprocessing = 0;
		};
/* End PBXSourcesBuildPhase section */

/* Begin PBXTargetDependency section */
		6EB54CD02C8EE4B300F12A4F /* PBXTargetDependency */ = {
			isa = PBXTargetDependency;
			target = 6EB54CBD2C8EE4B100F12A4F /* traden */;
			targetProxy = 6EB54CCF2C8EE4B300F12A4F /* PBXContainerItemProxy */;
		};
		6EB54CDA2C8EE4B300F12A4F /* PBXTargetDependency */ = {
			isa = PBXTargetDependency;
			target = 6EB54CBD2C8EE4B100F12A4F /* traden */;
			targetProxy = 6EB54CD92C8EE4B300F12A4F /* PBXContainerItemProxy */;
		};
/* End PBXTargetDependency section */

/* Begin XCBuildConfiguration section */
		6EB54CE02C8EE4B300F12A4F /* Debug */ = {
			isa = XCBuildConfiguration;
			buildSettings = {
				ALWAYS_SEARCH_USER_PATHS = NO;
				ASSETCATALOG_COMPILER_GENERATE_SWIFT_ASSET_SYMBOL_EXTENSIONS = YES;
				CLANG_ANALYZER_NONNULL = YES;
				CLANG_ANALYZER_NUMBER_OBJECT_CONVERSION = YES_AGGRESSIVE;
				CLANG_CXX_LANGUAGE_STANDARD = "gnu++20";
				CLANG_ENABLE_MODULES = YES;
				CLANG_ENABLE_OBJC_ARC = YES;
				CLANG_ENABLE_OBJC_WEAK = YES;
				CLANG_WARN_BLOCK_CAPTURE_AUTORELEASING = YES;
				CLANG_WARN_BOOL_CONVERSION = YES;
				CLANG_WARN_COMMA = YES;
				CLANG_WARN_CONSTANT_CONVERSION = YES;
				CLANG_WARN_DEPRECATED_OBJC_IMPLEMENTATIONS = YES;
				CLANG_WARN_DIRECT_OBJC_ISA_USAGE = YES_ERROR;
				CLANG_WARN_DOCUMENTATION_COMMENTS = YES;
				CLANG_WARN_EMPTY_BODY = YES;
				CLANG_WARN_ENUM_CONVERSION = YES;
				CLANG_WARN_INFINITE_RECURSION = YES;
				CLANG_WARN_INT_CONVERSION = YES;
				CLANG_WARN_NON_LITERAL_NULL_CONVERSION = YES;
				CLANG_WARN_OBJC_IMPLICIT_RETAIN_SELF = YES;
				CLANG_WARN_OBJC_LITERAL_CONVERSION = YES;
				CLANG_WARN_OBJC_ROOT_CLASS = YES_ERROR;
				CLANG_WARN_QUOTED_INCLUDE_IN_FRAMEWORK_HEADER = YES;
				CLANG_WARN_RANGE_LOOP_ANALYSIS = YES;
				CLANG_WARN_STRICT_PROTOTYPES = YES;
				CLANG_WARN_SUSPICIOUS_MOVE = YES;
				CLANG_WARN_UNGUARDED_AVAILABILITY = YES_AGGRESSIVE;
				CLANG_WARN_UNREACHABLE_CODE = YES;
				CLANG_WARN__DUPLICATE_METHOD_MATCH = YES;
				COPY_PHASE_STRIP = NO;
				DEBUG_INFORMATION_FORMAT = dwarf;
				ENABLE_STRICT_OBJC_MSGSEND = YES;
				ENABLE_TESTABILITY = YES;
				ENABLE_USER_SCRIPT_SANDBOXING = YES;
				GCC_C_LANGUAGE_STANDARD = gnu17;
				GCC_DYNAMIC_NO_PIC = NO;
				GCC_NO_COMMON_BLOCKS = YES;
				GCC_OPTIMIZATION_LEVEL = 0;
				GCC_PREPROCESSOR_DEFINITIONS = (
					"DEBUG=1",
					"$(inherited)",
				);
				GCC_WARN_64_TO_32_BIT_CONVERSION = YES;
				GCC_WARN_ABOUT_RETURN_TYPE = YES_ERROR;
				GCC_WARN_UNDECLARED_SELECTOR = YES;
				GCC_WARN_UNINITIALIZED_AUTOS = YES_AGGRESSIVE;
				GCC_WARN_UNUSED_FUNCTION = YES;
				GCC_WARN_UNUSED_VARIABLE = YES;
				IPHONEOS_DEPLOYMENT_TARGET = 17.5;
				LOCALIZATION_PREFERS_STRING_CATALOGS = YES;
				MTL_ENABLE_DEBUG_INFO = INCLUDE_SOURCE;
				MTL_FAST_MATH = YES;
				ONLY_ACTIVE_ARCH = YES;
				SDKROOT = iphoneos;
				SWIFT_ACTIVE_COMPILATION_CONDITIONS = "DEBUG $(inherited)";
				SWIFT_OPTIMIZATION_LEVEL = "-Onone";
			};
			name = Debug;
		};
		6EB54CE12C8EE4B300F12A4F /* Release */ = {
			isa = XCBuildConfiguration;
			buildSettings = {
				ALWAYS_SEARCH_USER_PATHS = NO;
				ASSETCATALOG_COMPILER_GENERATE_SWIFT_ASSET_SYMBOL_EXTENSIONS = YES;
				CLANG_ANALYZER_NONNULL = YES;
				CLANG_ANALYZER_NUMBER_OBJECT_CONVERSION = YES_AGGRESSIVE;
				CLANG_CXX_LANGUAGE_STANDARD = "gnu++20";
				CLANG_ENABLE_MODULES = YES;
				CLANG_ENABLE_OBJC_ARC = YES;
				CLANG_ENABLE_OBJC_WEAK = YES;
				CLANG_WARN_BLOCK_CAPTURE_AUTORELEASING = YES;
				CLANG_WARN_BOOL_CONVERSION = YES;
				CLANG_WARN_COMMA = YES;
				CLANG_WARN_CONSTANT_CONVERSION = YES;
				CLANG_WARN_DEPRECATED_OBJC_IMPLEMENTATIONS = YES;
				CLANG_WARN_DIRECT_OBJC_ISA_USAGE = YES_ERROR;
				CLANG_WARN_DOCUMENTATION_COMMENTS = YES;
				CLANG_WARN_EMPTY_BODY = YES;
				CLANG_WARN_ENUM_CONVERSION = YES;
				CLANG_WARN_INFINITE_RECURSION = YES;
				CLANG_WARN_INT_CONVERSION = YES;
				CLANG_WARN_NON_LITERAL_NULL_CONVERSION = YES;
				CLANG_WARN_OBJC_IMPLICIT_RETAIN_SELF = YES;
				CLANG_WARN_OBJC_LITERAL_CONVERSION = YES;
				CLANG_WARN_OBJC_ROOT_CLASS = YES_ERROR;
				CLANG_WARN_QUOTED_INCLUDE_IN_FRAMEWORK_HEADER = YES;
				CLANG_WARN_RANGE_LOOP_ANALYSIS = YES;
				CLANG_WARN_STRICT_PROTOTYPES = YES;
				CLANG_WARN_SUSPICIOUS_MOVE = YES;
				CLANG_WARN_UNGUARDED_AVAILABILITY = YES_AGGRESSIVE;
				CLANG_WARN_UNREACHABLE_CODE = YES;
				CLANG_WARN__DUPLICATE_METHOD_MATCH = YES;
				COPY_PHASE_STRIP = NO;
				DEBUG_INFORMATION_FORMAT = "dwarf-with-dsym";
				ENABLE_NS_ASSERTIONS = NO;
				ENABLE_STRICT_OBJC_MSGSEND = YES;
				ENABLE_USER_SCRIPT_SANDBOXING = YES;
				GCC_C_LANGUAGE_STANDARD = gnu17;
				GCC_NO_COMMON_BLOCKS = YES;
				GCC_WARN_64_TO_32_BIT_CONVERSION = YES;
				GCC_WARN_ABOUT_RETURN_TYPE = YES_ERROR;
				GCC_WARN_UNDECLARED_SELECTOR = YES;
				GCC_WARN_UNINITIALIZED_AUTOS = YES_AGGRESSIVE;
				GCC_WARN_UNUSED_FUNCTION = YES;
				GCC_WARN_UNUSED_VARIABLE = YES;
				IPHONEOS_DEPLOYMENT_TARGET = 17.5;
				LOCALIZATION_PREFERS_STRING_CATALOGS = YES;
				MTL_ENABLE_DEBUG_INFO = NO;
				MTL_FAST_MATH = YES;
				SDKROOT = iphoneos;
				SWIFT_COMPILATION_MODE = wholemodule;
				VALIDATE_PRODUCT = YES;
			};
			name = Release;
		};
		6EB54CE32C8EE4B300F12A4F /* Debug */ = {
			isa = XCBuildConfiguration;
			buildSettings = {
				ASSETCATALOG_COMPILER_APPICON_NAME = AppIcon;
				ASSETCATALOG_COMPILER_GLOBAL_ACCENT_COLOR_NAME = AccentColor;
				CODE_SIGN_STYLE = Automatic;
				CURRENT_PROJECT_VERSION = 1;
				DEVELOPMENT_ASSET_PATHS = "\"traden/Preview Content\"";
				ENABLE_PREVIEWS = YES;
				GENERATE_INFOPLIST_FILE = YES;
				INFOPLIST_KEY_UIApplicationSceneManifest_Generation = YES;
				INFOPLIST_KEY_UIApplicationSupportsIndirectInputEvents = YES;
				INFOPLIST_KEY_UILaunchScreen_Generation = YES;
				INFOPLIST_KEY_UISupportedInterfaceOrientations_iPad = "UIInterfaceOrientationPortrait UIInterfaceOrientationPortraitUpsideDown UIInterfaceOrientationLandscapeLeft UIInterfaceOrientationLandscapeRight";
				INFOPLIST_KEY_UISupportedInterfaceOrientations_iPhone = "UIInterfaceOrientationPortrait UIInterfaceOrientationLandscapeLeft UIInterfaceOrientationLandscapeRight";
				LD_RUNPATH_SEARCH_PATHS = (
					"$(inherited)",
					"@executable_path/Frameworks",
				);
				MARKETING_VERSION = 1.0;
				PRODUCT_BUNDLE_IDENTIFIER = "SST-INC.com-sst.traden";
				PRODUCT_NAME = "$(TARGET_NAME)";
				SWIFT_EMIT_LOC_STRINGS = YES;
				SWIFT_VERSION = 5.0;
				TARGETED_DEVICE_FAMILY = "1,2";
			};
			name = Debug;
		};
		6EB54CE42C8EE4B300F12A4F /* Release */ = {
			isa = XCBuildConfiguration;
			buildSettings = {
				ASSETCATALOG_COMPILER_APPICON_NAME = AppIcon;
				ASSETCATALOG_COMPILER_GLOBAL_ACCENT_COLOR_NAME = AccentColor;
				CODE_SIGN_STYLE = Automatic;
				CURRENT_PROJECT_VERSION = 1;
				DEVELOPMENT_ASSET_PATHS = "\"traden/Preview Content\"";
				ENABLE_PREVIEWS = YES;
				GENERATE_INFOPLIST_FILE = YES;
				INFOPLIST_KEY_UIApplicationSceneManifest_Generation = YES;
				INFOPLIST_KEY_UIApplicationSupportsIndirectInputEvents = YES;
				INFOPLIST_KEY_UILaunchScreen_Generation = YES;
				INFOPLIST_KEY_UISupportedInterfaceOrientations_iPad = "UIInterfaceOrientationPortrait UIInterfaceOrientationPortraitUpsideDown UIInterfaceOrientationLandscapeLeft UIInterfaceOrientationLandscapeRight";
				INFOPLIST_KEY_UISupportedInterfaceOrientations_iPhone = "UIInterfaceOrientationPortrait UIInterfaceOrientationLandscapeLeft UIInterfaceOrientationLandscapeRight";
				LD_RUNPATH_SEARCH_PATHS = (
					"$(inherited)",
					"@executable_path/Frameworks",
				);
				MARKETING_VERSION = 1.0;
				PRODUCT_BUNDLE_IDENTIFIER = "SST-INC.com-sst.traden";
				PRODUCT_NAME = "$(TARGET_NAME)";
				SWIFT_EMIT_LOC_STRINGS = YES;
				SWIFT_VERSION = 5.0;
				TARGETED_DEVICE_FAMILY = "1,2";
			};
			name = Release;
		};
		6EB54CE62C8EE4B300F12A4F /* Debug */ = {
			isa = XCBuildConfiguration;
			buildSettings = {
				ALWAYS_EMBED_SWIFT_STANDARD_LIBRARIES = YES;
				BUNDLE_LOADER = "$(TEST_HOST)";
				CODE_SIGN_STYLE = Automatic;
				CURRENT_PROJECT_VERSION = 1;
				GENERATE_INFOPLIST_FILE = YES;
				IPHONEOS_DEPLOYMENT_TARGET = 17.5;
				MARKETING_VERSION = 1.0;
				PRODUCT_BUNDLE_IDENTIFIER = "SST-INC.com-sst.tradenTests";
				PRODUCT_NAME = "$(TARGET_NAME)";
				SWIFT_EMIT_LOC_STRINGS = NO;
				SWIFT_VERSION = 5.0;
				TARGETED_DEVICE_FAMILY = "1,2";
				TEST_HOST = "$(BUILT_PRODUCTS_DIR)/traden.app/$(BUNDLE_EXECUTABLE_FOLDER_PATH)/traden";
			};
			name = Debug;
		};
		6EB54CE72C8EE4B300F12A4F /* Release */ = {
			isa = XCBuildConfiguration;
			buildSettings = {
				ALWAYS_EMBED_SWIFT_STANDARD_LIBRARIES = YES;
				BUNDLE_LOADER = "$(TEST_HOST)";
				CODE_SIGN_STYLE = Automatic;
				CURRENT_PROJECT_VERSION = 1;
				GENERATE_INFOPLIST_FILE = YES;
				IPHONEOS_DEPLOYMENT_TARGET = 17.5;
				MARKETING_VERSION = 1.0;
				PRODUCT_BUNDLE_IDENTIFIER = "SST-INC.com-sst.tradenTests";
				PRODUCT_NAME = "$(TARGET_NAME)";
				SWIFT_EMIT_LOC_STRINGS = NO;
				SWIFT_VERSION = 5.0;
				TARGETED_DEVICE_FAMILY = "1,2";
				TEST_HOST = "$(BUILT_PRODUCTS_DIR)/traden.app/$(BUNDLE_EXECUTABLE_FOLDER_PATH)/traden";
			};
			name = Release;
		};
		6EB54CE92C8EE4B300F12A4F /* Debug */ = {
			isa = XCBuildConfiguration;
			buildSettings = {
				ALWAYS_EMBED_SWIFT_STANDARD_LIBRARIES = YES;
				CODE_SIGN_STYLE = Automatic;
				CURRENT_PROJECT_VERSION = 1;
				GENERATE_INFOPLIST_FILE = YES;
				MARKETING_VERSION = 1.0;
				PRODUCT_BUNDLE_IDENTIFIER = "SST-INC.com-sst.tradenUITests";
				PRODUCT_NAME = "$(TARGET_NAME)";
				SWIFT_EMIT_LOC_STRINGS = NO;
				SWIFT_VERSION = 5.0;
				TARGETED_DEVICE_FAMILY = "1,2";
				TEST_TARGET_NAME = traden;
			};
			name = Debug;
		};
		6EB54CEA2C8EE4B300F12A4F /* Release */ = {
			isa = XCBuildConfiguration;
			buildSettings = {
				ALWAYS_EMBED_SWIFT_STANDARD_LIBRARIES = YES;
				CODE_SIGN_STYLE = Automatic;
				CURRENT_PROJECT_VERSION = 1;
				GENERATE_INFOPLIST_FILE = YES;
				MARKETING_VERSION = 1.0;
				PRODUCT_BUNDLE_IDENTIFIER = "SST-INC.com-sst.tradenUITests";
				PRODUCT_NAME = "$(TARGET_NAME)";
				SWIFT_EMIT_LOC_STRINGS = NO;
				SWIFT_VERSION = 5.0;
				TARGETED_DEVICE_FAMILY = "1,2";
				TEST_TARGET_NAME = traden;
			};
			name = Release;
		};
/* End XCBuildConfiguration section */

/* Begin XCConfigurationList section */
		6EB54CB92C8EE4B100F12A4F /* Build configuration list for PBXProject "traden" */ = {
			isa = XCConfigurationList;
			buildConfigurations = (
				6EB54CE02C8EE4B300F12A4F /* Debug */,
				6EB54CE12C8EE4B300F12A4F /* Release */,
			);
			defaultConfigurationIsVisible = 0;
			defaultConfigurationName = Release;
		};
		6EB54CE22C8EE4B300F12A4F /* Build configuration list for PBXNativeTarget "traden" */ = {
			isa = XCConfigurationList;
			buildConfigurations = (
				6EB54CE32C8EE4B300F12A4F /* Debug */,
				6EB54CE42C8EE4B300F12A4F /* Release */,
			);
			defaultConfigurationIsVisible = 0;
			defaultConfigurationName = Release;
		};
		6EB54CE52C8EE4B300F12A4F /* Build configuration list for PBXNativeTarget "tradenTests" */ = {
			isa = XCConfigurationList;
			buildConfigurations = (
				6EB54CE62C8EE4B300F12A4F /* Debug */,
				6EB54CE72C8EE4B300F12A4F /* Release */,
			);
			defaultConfigurationIsVisible = 0;
			defaultConfigurationName = Release;
		};
		6EB54CE82C8EE4B300F12A4F /* Build configuration list for PBXNativeTarget "tradenUITests" */ = {
			isa = XCConfigurationList;
			buildConfigurations = (
				6EB54CE92C8EE4B300F12A4F /* Debug */,
				6EB54CEA2C8EE4B300F12A4F /* Release */,
			);
			defaultConfigurationIsVisible = 0;
			defaultConfigurationName = Release;
		};
/* End XCConfigurationList section */
	};
	rootObject = 6EB54CB62C8EE4B100F12A4F /* Project object */;
}
